
Microsoft Visual Studio Solution File, Format Version 12.00
# Visual Studio Version 17
VisualStudioVersion = 17.9.34607.119
MinimumVisualStudioVersion = 10.0.40219.1
Project("{FAE04EC0-301F-11D3-BF4B-00C04F79EFBC}") = "PinTransferWPF", "PinTransferWPF.csproj", "{80448929-DECB-450B-BCC2-80F64B99F923}"
EndProject
Global
	GlobalSection(SolutionConfigurationPlatforms) = preSolution
		Debug|Any CPU = Debug|Any CPU
		Release|Any CPU = Release|Any CPU
	EndGlobalSection
	GlobalSection(ProjectConfigurationPlatforms) = postSolution
		{80448929-DECB-450B-BCC2-80F64B99F923}.Debug|Any CPU.ActiveCfg = Debug|Any CPU
		{80448929-DECB-450B-BCC2-80F64B99F923}.Debug|Any CPU.Build.0 = Debug|Any CPU
		{80448929-DECB-450B-BCC2-80F64B99F923}.Release|Any CPU.ActiveCfg = Release|Any CPU
		{80448929-DECB-450B-BCC2-80F64B99F923}.Release|Any CPU.Build.0 = Release|Any CPU
	EndGlobalSection
	GlobalSection(SolutionProperties) = preSolution
		HideSolutionNode = FALSE
	EndGlobalSection
	GlobalSection(ExtensibilityGlobals) = postSolution
		SolutionGuid = {6F0FA895-B927-4B2D-ACA8-1E838FF9FA4A}
	EndGlobalSection
EndGlobal
